# This file is autogenerated, do not edit; changes may be undone by the next 'dep ensure'.


[[projects]]
  branch = "master"
  digest = "1:3b6380fb07ea525141b2ac725a33c26c023ed78b36a5e48fdca23d31767b9e26"
  name = "github.com/bombergame/common"
  packages = ["args"]
  pruneopts = "UT"
  revision = "a185686fd003ef3f8c66aee1f294c125082e7185"

[solve-meta]
  analyzer-name = "dep"
  analyzer-version = 1
  input-imports = ["github.com/bombergame/common/args"]
  solver-name = "gps-cdcl"
  solver-version = 1
